# This file is automatically @generated by Cargo.
# It is not intended for manual editing.
version = 4

[[package]]
name = "rowl"
version = "0.0.0"
dependencies = [
 "rowl-frontend",
 "rowl-kernel",
]

[[package]]
name = "rowl-cli"
version = "0.0.0"
dependencies = [
 "rowl",
]

[[package]]
name = "rowl-frontend"
version = "0.0.0"

[[package]]
name = "rowl-kernel"
version = "0.0.0"
